
Microsoft Visual Studio Solution File, Format Version 12.00
# Visual Studio 15
VisualStudioVersion = 15.0.27703.2035
MinimumVisualStudioVersion = 10.0.40219.1
Project("{FAE04EC0-301F-11D3-BF4B-00C04F79EFBC}") = "RBPizzaRest.UI", "RBPizzaRest.UI\RBPizzaRest.UI.csproj", "{859DF286-E53A-4D24-AE54-1893FE9A63D2}"
EndProject
Project("{FAE04EC0-301F-11D3-BF4B-00C04F79EFBC}") = "RBPizzaRest.Library", "RBPizzaRest.Library\RBPizzaRest.Library.csproj", "{FA73DCAD-3685-4A35-B7CA-4F58FD8E2FE8}"
EndProject
Project("{FAE04EC0-301F-11D3-BF4B-00C04F79EFBC}") = "RBPizzaRest.Test", "RBPizzaRest.Test\RBPizzaRest.Test.csproj", "{426FE013-6524-4CA3-9418-D79B3CA12E8C}"
EndProject
Global
	GlobalSection(SolutionConfigurationPlatforms) = preSolution
		Debug|Any CPU = Debug|Any CPU
		Release|Any CPU = Release|Any CPU
	EndGlobalSection
	GlobalSection(ProjectConfigurationPlatforms) = postSolution
		{859DF286-E53A-4D24-AE54-1893FE9A63D2}.Debug|Any CPU.ActiveCfg = Debug|Any CPU
		{859DF286-E53A-4D24-AE54-1893FE9A63D2}.Debug|Any CPU.Build.0 = Debug|Any CPU
		{859DF286-E53A-4D24-AE54-1893FE9A63D2}.Release|Any CPU.ActiveCfg = Release|Any CPU
		{859DF286-E53A-4D24-AE54-1893FE9A63D2}.Release|Any CPU.Build.0 = Release|Any CPU
		{FA73DCAD-3685-4A35-B7CA-4F58FD8E2FE8}.Debug|Any CPU.ActiveCfg = Debug|Any CPU
		{FA73DCAD-3685-4A35-B7CA-4F58FD8E2FE8}.Debug|Any CPU.Build.0 = Debug|Any CPU
		{FA73DCAD-3685-4A35-B7CA-4F58FD8E2FE8}.Release|Any CPU.ActiveCfg = Release|Any CPU
		{FA73DCAD-3685-4A35-B7CA-4F58FD8E2FE8}.Release|Any CPU.Build.0 = Release|Any CPU
		{426FE013-6524-4CA3-9418-D79B3CA12E8C}.Debug|Any CPU.ActiveCfg = Debug|Any CPU
		{426FE013-6524-4CA3-9418-D79B3CA12E8C}.Debug|Any CPU.Build.0 = Debug|Any CPU
		{426FE013-6524-4CA3-9418-D79B3CA12E8C}.Release|Any CPU.ActiveCfg = Release|Any CPU
		{426FE013-6524-4CA3-9418-D79B3CA12E8C}.Release|Any CPU.Build.0 = Release|Any CPU
	EndGlobalSection
	GlobalSection(SolutionProperties) = preSolution
		HideSolutionNode = FALSE
	EndGlobalSection
	GlobalSection(ExtensibilityGlobals) = postSolution
		SolutionGuid = {BD59B9FC-1259-4D53-A404-C49D6DE01DBE}
	EndGlobalSection
EndGlobal
