
Microsoft Visual Studio Solution File, Format Version 12.00
# Visual Studio 15
VisualStudioVersion = 15.0.27703.2035
MinimumVisualStudioVersion = 10.0.40219.1
Project("{9A19103F-16F7-4668-BE54-9A1E7A4F7556}") = "RBPizzaRest.UI", "RBPizzaRest.UI\RBPizzaRest.UI.csproj", "{859DF286-E53A-4D24-AE54-1893FE9A63D2}"
EndProject
Project("{9A19103F-16F7-4668-BE54-9A1E7A4F7556}") = "RBPizzaRest.Library", "RBPizzaRest.Library\RBPizzaRest.Library.csproj", "{FA73DCAD-3685-4A35-B7CA-4F58FD8E2FE8}"
EndProject
Project("{9A19103F-16F7-4668-BE54-9A1E7A4F7556}") = "RBPizzaRest.Test", "RBPizzaRest.Test\RBPizzaRest.Test.csproj", "{426FE013-6524-4CA3-9418-D79B3CA12E8C}"
EndProject
Project("{9A19103F-16F7-4668-BE54-9A1E7A4F7556}") = "RBPizzaRest.WebApp", "RBPizzaRest.WebApp\RBPizzaRest.WebApp.csproj", "{53DBF2F5-F81F-4E42-8233-1678AEBDE00A}"
EndProject
Project("{FAE04EC0-301F-11D3-BF4B-00C04F79EFBC}") = "RBPizzaRest.DataAccess", "RBPizzaRest.DataAccess\RBPizzaRest.DataAccess.csproj", "{60F04C9D-D8F3-470A-8283-EB87156477E7}"
EndProject
Global
	GlobalSection(SolutionConfigurationPlatforms) = preSolution
		Debug|Any CPU = Debug|Any CPU
		Release|Any CPU = Release|Any CPU
	EndGlobalSection
	GlobalSection(ProjectConfigurationPlatforms) = postSolution
		{859DF286-E53A-4D24-AE54-1893FE9A63D2}.Debug|Any CPU.ActiveCfg = Debug|Any CPU
		{859DF286-E53A-4D24-AE54-1893FE9A63D2}.Debug|Any CPU.Build.0 = Debug|Any CPU
		{859DF286-E53A-4D24-AE54-1893FE9A63D2}.Release|Any CPU.ActiveCfg = Release|Any CPU
		{859DF286-E53A-4D24-AE54-1893FE9A63D2}.Release|Any CPU.Build.0 = Release|Any CPU
		{FA73DCAD-3685-4A35-B7CA-4F58FD8E2FE8}.Debug|Any CPU.ActiveCfg = Debug|Any CPU
		{FA73DCAD-3685-4A35-B7CA-4F58FD8E2FE8}.Debug|Any CPU.Build.0 = Debug|Any CPU
		{FA73DCAD-3685-4A35-B7CA-4F58FD8E2FE8}.Release|Any CPU.ActiveCfg = Release|Any CPU
		{FA73DCAD-3685-4A35-B7CA-4F58FD8E2FE8}.Release|Any CPU.Build.0 = Release|Any CPU
		{426FE013-6524-4CA3-9418-D79B3CA12E8C}.Debug|Any CPU.ActiveCfg = Debug|Any CPU
		{426FE013-6524-4CA3-9418-D79B3CA12E8C}.Debug|Any CPU.Build.0 = Debug|Any CPU
		{426FE013-6524-4CA3-9418-D79B3CA12E8C}.Release|Any CPU.ActiveCfg = Release|Any CPU
		{426FE013-6524-4CA3-9418-D79B3CA12E8C}.Release|Any CPU.Build.0 = Release|Any CPU
		{53DBF2F5-F81F-4E42-8233-1678AEBDE00A}.Debug|Any CPU.ActiveCfg = Debug|Any CPU
		{53DBF2F5-F81F-4E42-8233-1678AEBDE00A}.Debug|Any CPU.Build.0 = Debug|Any CPU
		{53DBF2F5-F81F-4E42-8233-1678AEBDE00A}.Release|Any CPU.ActiveCfg = Release|Any CPU
		{53DBF2F5-F81F-4E42-8233-1678AEBDE00A}.Release|Any CPU.Build.0 = Release|Any CPU
		{60F04C9D-D8F3-470A-8283-EB87156477E7}.Debug|Any CPU.ActiveCfg = Debug|Any CPU
		{60F04C9D-D8F3-470A-8283-EB87156477E7}.Debug|Any CPU.Build.0 = Debug|Any CPU
		{60F04C9D-D8F3-470A-8283-EB87156477E7}.Release|Any CPU.ActiveCfg = Release|Any CPU
		{60F04C9D-D8F3-470A-8283-EB87156477E7}.Release|Any CPU.Build.0 = Release|Any CPU
	EndGlobalSection
	GlobalSection(SolutionProperties) = preSolution
		HideSolutionNode = FALSE
	EndGlobalSection
	GlobalSection(ExtensibilityGlobals) = postSolution
		SolutionGuid = {BD59B9FC-1259-4D53-A404-C49D6DE01DBE}
	EndGlobalSection
EndGlobal
